
Microsoft Visual Studio Solution File, Format Version 12.00
# Visual Studio 15
VisualStudioVersion = 15.0.27428.2043
MinimumVisualStudioVersion = 10.0.40219.1
Project("{9B56FCB0-63B4-404F-8A09-42EF52B53347}") = "VisualObjects", "VisualObjects\VisualObjects.sfaproj", "{F3713D3C-FEB8-4951-BCFF-63606F992E52}"
EndProject
Project("{9A19103F-16F7-4668-BE54-9A1E7A4F7556}") = "web", "web\web.csproj", "{AF13B73E-E661-4BBD-90A5-5FD6752E8ACA}"
EndProject
Project("{FAE04EC0-301F-11D3-BF4B-00C04F79EFBC}") = "VisualObjects.Common", "VisualObjects.Common\VisualObjects.Common.csproj", "{FAAA707B-1F39-4D77-B2FD-0E2BEE6F7D7C}"
EndProject
Project("{FAE04EC0-301F-11D3-BF4B-00C04F79EFBC}") = "worker", "worker\worker.csproj", "{DE9FB102-B975-4841-9828-58493D68F2E2}"
EndProject
Global
	GlobalSection(SolutionConfigurationPlatforms) = preSolution
		Debug|Any CPU = Debug|Any CPU
		Release|Any CPU = Release|Any CPU
	EndGlobalSection
	GlobalSection(ProjectConfigurationPlatforms) = postSolution
		{F3713D3C-FEB8-4951-BCFF-63606F992E52}.Debug|Any CPU.ActiveCfg = Debug|Any CPU
		{F3713D3C-FEB8-4951-BCFF-63606F992E52}.Debug|Any CPU.Build.0 = Debug|Any CPU
		{F3713D3C-FEB8-4951-BCFF-63606F992E52}.Release|Any CPU.ActiveCfg = Release|Any CPU
		{F3713D3C-FEB8-4951-BCFF-63606F992E52}.Release|Any CPU.Build.0 = Release|Any CPU
		{AF13B73E-E661-4BBD-90A5-5FD6752E8ACA}.Debug|Any CPU.ActiveCfg = Debug|Any CPU
		{AF13B73E-E661-4BBD-90A5-5FD6752E8ACA}.Debug|Any CPU.Build.0 = Debug|Any CPU
		{AF13B73E-E661-4BBD-90A5-5FD6752E8ACA}.Release|Any CPU.ActiveCfg = Release|Any CPU
		{AF13B73E-E661-4BBD-90A5-5FD6752E8ACA}.Release|Any CPU.Build.0 = Release|Any CPU
		{FAAA707B-1F39-4D77-B2FD-0E2BEE6F7D7C}.Debug|Any CPU.ActiveCfg = Debug|Any CPU
		{FAAA707B-1F39-4D77-B2FD-0E2BEE6F7D7C}.Debug|Any CPU.Build.0 = Debug|Any CPU
		{FAAA707B-1F39-4D77-B2FD-0E2BEE6F7D7C}.Release|Any CPU.ActiveCfg = Release|Any CPU
		{FAAA707B-1F39-4D77-B2FD-0E2BEE6F7D7C}.Release|Any CPU.Build.0 = Release|Any CPU
		{DE9FB102-B975-4841-9828-58493D68F2E2}.Debug|Any CPU.ActiveCfg = Debug|Any CPU
		{DE9FB102-B975-4841-9828-58493D68F2E2}.Debug|Any CPU.Build.0 = Debug|Any CPU
		{DE9FB102-B975-4841-9828-58493D68F2E2}.Release|Any CPU.ActiveCfg = Release|Any CPU
		{DE9FB102-B975-4841-9828-58493D68F2E2}.Release|Any CPU.Build.0 = Release|Any CPU
	EndGlobalSection
	GlobalSection(SolutionProperties) = preSolution
		HideSolutionNode = FALSE
	EndGlobalSection
	GlobalSection(ExtensibilityGlobals) = postSolution
		SolutionGuid = {0329D31B-D1EA-4A8C-B679-C79993DD4B4A}
	EndGlobalSection
EndGlobal
