
Microsoft Visual Studio Solution File, Format Version 12.00
# Visual Studio 15
VisualStudioVersion = 15.0.27130.2036
MinimumVisualStudioVersion = 10.0.40219.1
Project("{9B56FCB0-63B4-404F-8A09-42EF52B53347}") = "VotingApp", "VotingApp\VotingApp.sbzproj", "{506944E2-AB32-4BD0-8A22-FD4B5AD87E65}"
EndProject
Project("{9A19103F-16F7-4668-BE54-9A1E7A4F7556}") = "VotingData", "VotingData\VotingData.csproj", "{3280E5BE-A360-44E2-B54F-847CADD6D2DC}"
EndProject
Project("{9A19103F-16F7-4668-BE54-9A1E7A4F7556}") = "VotingWeb", "VotingWeb\VotingWeb.csproj", "{C5A40220-B1EE-487E-9F24-2CF477A10260}"
EndProject
Global
	GlobalSection(SolutionConfigurationPlatforms) = preSolution
		Debug|Any CPU = Debug|Any CPU
		Release|Any CPU = Release|Any CPU
	EndGlobalSection
	GlobalSection(ProjectConfigurationPlatforms) = postSolution
		{506944E2-AB32-4BD0-8A22-FD4B5AD87E65}.Debug|Any CPU.ActiveCfg = Debug|Any CPU
		{506944E2-AB32-4BD0-8A22-FD4B5AD87E65}.Debug|Any CPU.Build.0 = Debug|Any CPU
		{506944E2-AB32-4BD0-8A22-FD4B5AD87E65}.Release|Any CPU.ActiveCfg = Release|Any CPU
		{506944E2-AB32-4BD0-8A22-FD4B5AD87E65}.Release|Any CPU.Build.0 = Release|Any CPU
		{3280E5BE-A360-44E2-B54F-847CADD6D2DC}.Debug|Any CPU.ActiveCfg = Debug|Any CPU
		{3280E5BE-A360-44E2-B54F-847CADD6D2DC}.Debug|Any CPU.Build.0 = Debug|Any CPU
		{3280E5BE-A360-44E2-B54F-847CADD6D2DC}.Release|Any CPU.ActiveCfg = Release|Any CPU
		{3280E5BE-A360-44E2-B54F-847CADD6D2DC}.Release|Any CPU.Build.0 = Release|Any CPU
		{C5A40220-B1EE-487E-9F24-2CF477A10260}.Debug|Any CPU.ActiveCfg = Debug|Any CPU
		{C5A40220-B1EE-487E-9F24-2CF477A10260}.Debug|Any CPU.Build.0 = Debug|Any CPU
		{C5A40220-B1EE-487E-9F24-2CF477A10260}.Release|Any CPU.ActiveCfg = Release|Any CPU
		{C5A40220-B1EE-487E-9F24-2CF477A10260}.Release|Any CPU.Build.0 = Release|Any CPU
	EndGlobalSection
	GlobalSection(SolutionProperties) = preSolution
		HideSolutionNode = FALSE
	EndGlobalSection
	GlobalSection(ExtensibilityGlobals) = postSolution
		SolutionGuid = {4371D8C3-3288-478F-A8E0-97FE50E235E1}
	EndGlobalSection
EndGlobal
