
Microsoft Visual Studio Solution File, Format Version 12.00
# Visual Studio 15
VisualStudioVersion = 15.0.27130.2036
MinimumVisualStudioVersion = 10.0.40219.1
Project("{9A19103F-16F7-4668-BE54-9A1E7A4F7556}") = "ServiceFabricSBZVotingWeb", "ServiceFabricSBZVoting\ServiceFabricSBZVotingWeb.csproj", "{60133F5B-805A-4EB4-82BB-225EA9DEEF06}"
EndProject
Project("{9A19103F-16F7-4668-BE54-9A1E7A4F7556}") = "ServiceFabricSBZVotingData", "ServiceFabricSBZVotingData\ServiceFabricSBZVotingData.csproj", "{13E2912E-0D41-4899-A59B-BE98618F7B19}"
EndProject
Project("{2150E333-8FDC-42A3-9474-1A3956D46DE8}") = "Sbz", "Sbz", "{301E7124-23C6-4C32-862C-E310B0AC4116}"
	ProjectSection(SolutionItems) = preProject
		Sbz\BuildApplication.ps1 = Sbz\BuildApplication.ps1
		Sbz\DeleteApplicationAzure.ps1 = Sbz\DeleteApplicationAzure.ps1
		Sbz\DeleteApplicationLocal.ps1 = Sbz\DeleteApplicationLocal.ps1
		Sbz\DeployApplicationAzure.ps1 = Sbz\DeployApplicationAzure.ps1
		Sbz\DeployApplicationLocal.ps1 = Sbz\DeployApplicationLocal.ps1
		Sbz\SbzVoting.json = Sbz\SbzVoting.json
		Sbz\SbzVotingARM.json = Sbz\SbzVotingARM.json
		Sbz\VotingApp.yaml = Sbz\VotingApp.yaml
		Sbz\VotingData.yaml = Sbz\VotingData.yaml
		Sbz\VotingWeb.yaml = Sbz\VotingWeb.yaml
	EndProjectSection
EndProject
Global
	GlobalSection(SolutionConfigurationPlatforms) = preSolution
		Debug|Any CPU = Debug|Any CPU
		Release|Any CPU = Release|Any CPU
	EndGlobalSection
	GlobalSection(ProjectConfigurationPlatforms) = postSolution
		{60133F5B-805A-4EB4-82BB-225EA9DEEF06}.Debug|Any CPU.ActiveCfg = Debug|Any CPU
		{60133F5B-805A-4EB4-82BB-225EA9DEEF06}.Debug|Any CPU.Build.0 = Debug|Any CPU
		{60133F5B-805A-4EB4-82BB-225EA9DEEF06}.Release|Any CPU.ActiveCfg = Release|Any CPU
		{60133F5B-805A-4EB4-82BB-225EA9DEEF06}.Release|Any CPU.Build.0 = Release|Any CPU
		{13E2912E-0D41-4899-A59B-BE98618F7B19}.Debug|Any CPU.ActiveCfg = Debug|Any CPU
		{13E2912E-0D41-4899-A59B-BE98618F7B19}.Debug|Any CPU.Build.0 = Debug|Any CPU
		{13E2912E-0D41-4899-A59B-BE98618F7B19}.Release|Any CPU.ActiveCfg = Release|Any CPU
		{13E2912E-0D41-4899-A59B-BE98618F7B19}.Release|Any CPU.Build.0 = Release|Any CPU
	EndGlobalSection
	GlobalSection(SolutionProperties) = preSolution
		HideSolutionNode = FALSE
	EndGlobalSection
	GlobalSection(ExtensibilityGlobals) = postSolution
		SolutionGuid = {4371D8C3-3288-478F-A8E0-97FE50E235E1}
	EndGlobalSection
EndGlobal
